
Microsoft Visual Studio Solution File, Format Version 12.00
# Visual Studio 15
VisualStudioVersion = 15.0.28307.852
MinimumVisualStudioVersion = 10.0.40219.1
Project("{8BC9CEB8-8B4A-11D0-8D11-00A0C91BC942}") = "AI", "AI.vcxproj", "{7C49CCCC-8879-4C82-9820-26EDF653CB89}"
EndProject
Global
	GlobalSection(SolutionConfigurationPlatforms) = preSolution
		Debug|x64 = Debug|x64
		Debug|x86 = Debug|x86
		Release|x64 = Release|x64
		Release|x86 = Release|x86
	EndGlobalSection
	GlobalSection(ProjectConfigurationPlatforms) = postSolution
		{7C49CCCC-8879-4C82-9820-26EDF653CB89}.Debug|x64.ActiveCfg = Debug|x64
		{7C49CCCC-8879-4C82-9820-26EDF653CB89}.Debug|x64.Build.0 = Debug|x64
		{7C49CCCC-8879-4C82-9820-26EDF653CB89}.Debug|x86.ActiveCfg = Debug|Win32
		{7C49CCCC-8879-4C82-9820-26EDF653CB89}.Debug|x86.Build.0 = Debug|Win32
		{7C49CCCC-8879-4C82-9820-26EDF653CB89}.Release|x64.ActiveCfg = Release|x64
		{7C49CCCC-8879-4C82-9820-26EDF653CB89}.Release|x64.Build.0 = Release|x64
		{7C49CCCC-8879-4C82-9820-26EDF653CB89}.Release|x86.ActiveCfg = Release|Win32
		{7C49CCCC-8879-4C82-9820-26EDF653CB89}.Release|x86.Build.0 = Release|Win32
	EndGlobalSection
	GlobalSection(SolutionProperties) = preSolution
		HideSolutionNode = FALSE
	EndGlobalSection
	GlobalSection(ExtensibilityGlobals) = postSolution
		SolutionGuid = {A2FB3C50-3490-4B12-8075-DCD9662B801C}
	EndGlobalSection
EndGlobal
